PODS:
  - Alamofire (3.4.1)
  - HanekeSwift (0.10.1)
  - ObjectMapper (1.4.0)

DEPENDENCIES:
  - Alamofire (~> 3.4)
  - HanekeSwift
  - ObjectMapper (~> 1.3)

SPEC CHECKSUMS:
  Alamofire: 01a82e2f6c0f860ade35534c8dd88be61bdef40c
  HanekeSwift: 08e47d3d0f2899ec58e5d257beba0de619aca9e8
  ObjectMapper: a07ad0462c5adf014adc0f89ef04c29b626e855e

COCOAPODS: 0.39.0
